// !$*UTF8*$!
{
	archiveVersion = 1;
	classes = {
	};
	objectVersion = 50;
	objects = {

/* Begin PBXBuildFile section */
		C02D71E421B040EC002E0091 /* AppDelegate.swift in Sources */ = {isa = PBXBuildFile; fileRef = C02D71E321B040EC002E0091 /* AppDelegate.swift */; };
		C02D71E921B040EC002E0091 /* Main.storyboard in Resources */ = {isa = PBXBuildFile; fileRef = C02D71E721B040EC002E0091 /* Main.storyboard */; };
		C02D71EB21B040ED002E0091 /* Assets.xcassets in Resources */ = {isa = PBXBuildFile; fileRef = C02D71EA21B040ED002E0091 /* Assets.xcassets */; };
		C02D71EE21B040ED002E0091 /* LaunchScreen.storyboard in Resources */ = {isa = PBXBuildFile; fileRef = C02D71EC21B040ED002E0091 /* LaunchScreen.storyboard */; };
		C02D71F621B04BD6002E0091 /* TableViewController.swift in Sources */ = {isa = PBXBuildFile; fileRef = C02D71F521B04BD6002E0091 /* TableViewController.swift */; };
		C02D71F821B056C0002E0091 /* CustomCell.swift in Sources */ = {isa = PBXBuildFile; fileRef = C02D71F721B056C0002E0091 /* CustomCell.swift */; };
		C02D71FA21B05DA2002E0091 /* DetailsViewController.swift in Sources */ = {isa = PBXBuildFile; fileRef = C02D71F921B05DA2002E0091 /* DetailsViewController.swift */; };
		C02D71FC21B060F9002E0091 /* ProgressViewController.swift in Sources */ = {isa = PBXBuildFile; fileRef = C02D71FB21B060F9002E0091 /* ProgressViewController.swift */; };
		C05F22CB21B842E9007C29A3 /* AddTaskViewController.swift in Sources */ = {isa = PBXBuildFile; fileRef = C05F22CA21B842E9007C29A3 /* AddTaskViewController.swift */; };
/* End PBXBuildFile section */

/* Begin PBXFileReference section */
		C02D71E021B040EC002E0091 /* ToDoList.app */ = {isa = PBXFileReference; explicitFileType = wrapper.application; includeInIndex = 0; path = ToDoList.app; sourceTree = BUILT_PRODUCTS_DIR; };
		C02D71E321B040EC002E0091 /* AppDelegate.swift */ = {isa = PBXFileReference; lastKnownFileType = sourcecode.swift; path = AppDelegate.swift; sourceTree = "<group>"; };
		C02D71E821B040EC002E0091 /* Base */ = {isa = PBXFileReference; lastKnownFileType = file.storyboard; name = Base; path = Base.lproj/Main.storyboard; sourceTree = "<group>"; };
		C02D71EA21B040ED002E0091 /* Assets.xcassets */ = {isa = PBXFileReference; lastKnownFileType = folder.assetcatalog; path = Assets.xcassets; sourceTree = "<group>"; };
		C02D71ED21B040ED002E0091 /* Base */ = {isa = PBXFileReference; lastKnownFileType = file.storyboard; name = Base; path = Base.lproj/LaunchScreen.storyboard; sourceTree = "<group>"; };
		C02D71EF21B040ED002E0091 /* Info.plist */ = {isa = PBXFileReference; lastKnownFileType = text.plist.xml; path = Info.plist; sourceTree = "<group>"; };
		C02D71F521B04BD6002E0091 /* TableViewController.swift */ = {isa = PBXFileReference; lastKnownFileType = sourcecode.swift; path = TableViewController.swift; sourceTree = "<group>"; };
		C02D71F721B056C0002E0091 /* CustomCell.swift */ = {isa = PBXFileReference; lastKnownFileType = sourcecode.swift; path = CustomCell.swift; sourceTree = "<group>"; };
		C02D71F921B05DA2002E0091 /* DetailsViewController.swift */ = {isa = PBXFileReference; lastKnownFileType = sourcecode.swift; path = DetailsViewController.swift; sourceTree = "<group>"; };
		C02D71FB21B060F9002E0091 /* ProgressViewController.swift */ = {isa = PBXFileReference; lastKnownFileType = sourcecode.swift; path = ProgressViewController.swift; sourceTree = "<group>"; };
		C05F22CA21B842E9007C29A3 /* AddTaskViewController.swift */ = {isa = PBXFileReference; lastKnownFileType = sourcecode.swift; path = AddTaskViewController.swift; sourceTree = "<group>"; };
/* End PBXFileReference section */

/* Begin PBXFrameworksBuildPhase section */
		C02D71DD21B040EC002E0091 /* Frameworks */ = {
			isa = PBXFrameworksBuildPhase;
			buildActionMask = 2147483647;
			files = (
			);
			runOnlyForDeploymentPostprocessing = 0;
		};
/* End PBXFrameworksBuildPhase section */

/* Begin PBXGroup section */
		C02D71D721B040EC002E0091 = {
			isa = PBXGroup;
			children = (
				C02D71E221B040EC002E0091 /* ToDoList */,
				C02D71E121B040EC002E0091 /* Products */,
			);
			sourceTree = "<group>";
		};
		C02D71E121B040EC002E0091 /* Products */ = {
			isa = PBXGroup;
			children = (
				C02D71E021B040EC002E0091 /* ToDoList.app */,
			);
			name = Products;
			sourceTree = "<group>";
		};
		C02D71E221B040EC002E0091 /* ToDoList */ = {
			isa = PBXGroup;
			children = (
				C02D71F521B04BD6002E0091 /* TableViewController.swift */,
				C02D71F921B05DA2002E0091 /* DetailsViewController.swift */,
				C02D71FB21B060F9002E0091 /* ProgressViewController.swift */,
				C02D71F721B056C0002E0091 /* CustomCell.swift */,
				C02D71E321B040EC002E0091 /* AppDelegate.swift */,
				C02D71E721B040EC002E0091 /* Main.storyboard */,
				C02D71EA21B040ED002E0091 /* Assets.xcassets */,
				C02D71EC21B040ED002E0091 /* LaunchScreen.storyboard */,
				C02D71EF21B040ED002E0091 /* Info.plist */,
				C05F22CA21B842E9007C29A3 /* AddTaskViewController.swift */,
			);
			path = ToDoList;
			sourceTree = "<group>";
		};
/* End PBXGroup section */

/* Begin PBXNativeTarget section */
		C02D71DF21B040EC002E0091 /* ToDoList */ = {
			isa = PBXNativeTarget;
			buildConfigurationList = C02D71F221B040ED002E0091 /* Build configuration list for PBXNativeTarget "ToDoList" */;
			buildPhases = (
				C02D71DC21B040EC002E0091 /* Sources */,
				C02D71DD21B040EC002E0091 /* Frameworks */,
				C02D71DE21B040EC002E0091 /* Resources */,
			);
			buildRules = (
			);
			dependencies = (
			);
			name = ToDoList;
			productName = ToDoList;
			productReference = C02D71E021B040EC002E0091 /* ToDoList.app */;
			productType = "com.apple.product-type.application";
		};
/* End PBXNativeTarget section */

/* Begin PBXProject section */
		C02D71D821B040EC002E0091 /* Project object */ = {
			isa = PBXProject;
			attributes = {
				LastSwiftUpdateCheck = 1010;
				LastUpgradeCheck = 1010;
				ORGANIZATIONNAME = "Centennial College";
				TargetAttributes = {
					C02D71DF21B040EC002E0091 = {
						CreatedOnToolsVersion = 10.1;
					};
				};
			};
			buildConfigurationList = C02D71DB21B040EC002E0091 /* Build configuration list for PBXProject "ToDoList" */;
			compatibilityVersion = "Xcode 9.3";
			developmentRegion = en;
			hasScannedForEncodings = 0;
			knownRegions = (
				en,
				Base,
			);
			mainGroup = C02D71D721B040EC002E0091;
			productRefGroup = C02D71E121B040EC002E0091 /* Products */;
			projectDirPath = "";
			projectRoot = "";
			targets = (
				C02D71DF21B040EC002E0091 /* ToDoList */,
			);
		};
/* End PBXProject section */

/* Begin PBXResourcesBuildPhase section */
		C02D71DE21B040EC002E0091 /* Resources */ = {
			isa = PBXResourcesBuildPhase;
			buildActionMask = 2147483647;
			files = (
				C02D71EE21B040ED002E0091 /* LaunchScreen.storyboard in Resources */,
				C02D71EB21B040ED002E0091 /* Assets.xcassets in Resources */,
				C02D71E921B040EC002E0091 /* Main.storyboard in Resources */,
			);
			runOnlyForDeploymentPostprocessing = 0;
		};
/* End PBXResourcesBuildPhase section */

/* Begin PBXSourcesBuildPhase section */
		C02D71DC21B040EC002E0091 /* Sources */ = {
			isa = PBXSourcesBuildPhase;
			buildActionMask = 2147483647;
			files = (
				C02D71FC21B060F9002E0091 /* ProgressViewController.swift in Sources */,
				C05F22CB21B842E9007C29A3 /* AddTaskViewController.swift in Sources */,
				C02D71E421B040EC002E0091 /* AppDelegate.swift in Sources */,
				C02D71F821B056C0002E0091 /* CustomCell.swift in Sources */,
				C02D71F621B04BD6002E0091 /* TableViewController.swift in Sources */,
				C02D71FA21B05DA2002E0091 /* DetailsViewController.swift in Sources */,
			);
			runOnlyForDeploymentPostprocessing = 0;
		};
/* End PBXSourcesBuildPhase section */

/* Begin PBXVariantGroup section */
		C02D71E721B040EC002E0091 /* Main.storyboard */ = {
			isa = PBXVariantGroup;
			children = (
				C02D71E821B040EC002E0091 /* Base */,
			);
			name = Main.storyboard;
			sourceTree = "<group>";
		};
		C02D71EC21B040ED002E0091 /* LaunchScreen.storyboard */ = {
			isa = PBXVariantGroup;
			children = (
				C02D71ED21B040ED002E0091 /* Base */,
			);
			name = LaunchScreen.storyboard;
			sourceTree = "<group>";
		};
/* End PBXVariantGroup section */

/* Begin XCBuildConfiguration section */
		C02D71F021B040ED002E0091 /* Debug */ = {
			isa = XCBuildConfiguration;
			buildSettings = {
				ALWAYS_SEARCH_USER_PATHS = NO;
				CLANG_ANALYZER_NONNULL = YES;
				CLANG_ANALYZER_NUMBER_OBJECT_CONVERSION = YES_AGGRESSIVE;
				CLANG_CXX_LANGUAGE_STANDARD = "gnu++14";
				CLANG_CXX_LIBRARY = "libc++";
				CLANG_ENABLE_MODULES = YES;
				CLANG_ENABLE_OBJC_ARC = YES;
				CLANG_ENABLE_OBJC_WEAK = YES;
				CLANG_WARN_BLOCK_CAPTURE_AUTORELEASING = YES;
				CLANG_WARN_BOOL_CONVERSION = YES;
				CLANG_WARN_COMMA = YES;
				CLANG_WARN_CONSTANT_CONVERSION = YES;
				CLANG_WARN_DEPRECATED_OBJC_IMPLEMENTATIONS = YES;
				CLANG_WARN_DIRECT_OBJC_ISA_USAGE = YES_ERROR;
				CLANG_WARN_DOCUMENTATION_COMMENTS = YES;
				CLANG_WARN_EMPTY_BODY = YES;
				CLANG_WARN_ENUM_CONVERSION = YES;
				CLANG_WARN_INFINITE_RECURSION = YES;
				CLANG_WARN_INT_CONVERSION = YES;
				CLANG_WARN_NON_LITERAL_NULL_CONVERSION = YES;
				CLANG_WARN_OBJC_IMPLICIT_RETAIN_SELF = YES;
				CLANG_WARN_OBJC_LITERAL_CONVERSION = YES;
				CLANG_WARN_OBJC_ROOT_CLASS = YES_ERROR;
				CLANG_WARN_RANGE_LOOP_ANALYSIS = YES;
				CLANG_WARN_STRICT_PROTOTYPES = YES;
				CLANG_WARN_SUSPICIOUS_MOVE = YES;
				CLANG_WARN_UNGUARDED_AVAILABILITY = YES_AGGRESSIVE;
				CLANG_WARN_UNREACHABLE_CODE = YES;
				CLANG_WARN__DUPLICATE_METHOD_MATCH = YES;
				CODE_SIGN_IDENTITY = "iPhone Developer";
				COPY_PHASE_STRIP = NO;
				DEBUG_INFORMATION_FORMAT = dwarf;
				ENABLE_STRICT_OBJC_MSGSEND = YES;
				ENABLE_TESTABILITY = YES;
				GCC_C_LANGUAGE_STANDARD = gnu11;
				GCC_DYNAMIC_NO_PIC = NO;
				GCC_NO_COMMON_BLOCKS = YES;
				GCC_OPTIMIZATION_LEVEL = 0;
				GCC_PREPROCESSOR_DEFINITIONS = (
					"DEBUG=1",
					"$(inherited)",
				);
				GCC_WARN_64_TO_32_BIT_CONVERSION = YES;
				GCC_WARN_ABOUT_RETURN_TYPE = YES_ERROR;
				GCC_WARN_UNDECLARED_SELECTOR = YES;
				GCC_WARN_UNINITIALIZED_AUTOS = YES_AGGRESSIVE;
				GCC_WARN_UNUSED_FUNCTION = YES;
				GCC_WARN_UNUSED_VARIABLE = YES;
				IPHONEOS_DEPLOYMENT_TARGET = 12.1;
				MTL_ENABLE_DEBUG_INFO = INCLUDE_SOURCE;
				MTL_FAST_MATH = YES;
				ONLY_ACTIVE_ARCH = YES;
				SDKROOT = iphoneos;
				SWIFT_ACTIVE_COMPILATION_CONDITIONS = DEBUG;
				SWIFT_OPTIMIZATION_LEVEL = "-Onone";
			};
			name = Debug;
		};
		C02D71F121B040ED002E0091 /* Release */ = {
			isa = XCBuildConfiguration;
			buildSettings = {
				ALWAYS_SEARCH_USER_PATHS = NO;
				CLANG_ANALYZER_NONNULL = YES;
				CLANG_ANALYZER_NUMBER_OBJECT_CONVERSION = YES_AGGRESSIVE;
				CLANG_CXX_LANGUAGE_STANDARD = "gnu++14";
				CLANG_CXX_LIBRARY = "libc++";
				CLANG_ENABLE_MODULES = YES;
				CLANG_ENABLE_OBJC_ARC = YES;
				CLANG_ENABLE_OBJC_WEAK = YES;
				CLANG_WARN_BLOCK_CAPTURE_AUTORELEASING = YES;
				CLANG_WARN_BOOL_CONVERSION = YES;
				CLANG_WARN_COMMA = YES;
				CLANG_WARN_CONSTANT_CONVERSION = YES;
				CLANG_WARN_DEPRECATED_OBJC_IMPLEMENTATIONS = YES;
				CLANG_WARN_DIRECT_OBJC_ISA_USAGE = YES_ERROR;
				CLANG_WARN_DOCUMENTATION_COMMENTS = YES;
				CLANG_WARN_EMPTY_BODY = YES;
				CLANG_WARN_ENUM_CONVERSION = YES;
				CLANG_WARN_INFINITE_RECURSION = YES;
				CLANG_WARN_INT_CONVERSION = YES;
				CLANG_WARN_NON_LITERAL_NULL_CONVERSION = YES;
				CLANG_WARN_OBJC_IMPLICIT_RETAIN_SELF = YES;
				CLANG_WARN_OBJC_LITERAL_CONVERSION = YES;
				CLANG_WARN_OBJC_ROOT_CLASS = YES_ERROR;
				CLANG_WARN_RANGE_LOOP_ANALYSIS = YES;
				CLANG_WARN_STRICT_PROTOTYPES = YES;
				CLANG_WARN_SUSPICIOUS_MOVE = YES;
				CLANG_WARN_UNGUARDED_AVAILABILITY = YES_AGGRESSIVE;
				CLANG_WARN_UNREACHABLE_CODE = YES;
				CLANG_WARN__DUPLICATE_METHOD_MATCH = YES;
				CODE_SIGN_IDENTITY = "iPhone Developer";
				COPY_PHASE_STRIP = NO;
				DEBUG_INFORMATION_FORMAT = "dwarf-with-dsym";
				ENABLE_NS_ASSERTIONS = NO;
				ENABLE_STRICT_OBJC_MSGSEND = YES;
				GCC_C_LANGUAGE_STANDARD = gnu11;
				GCC_NO_COMMON_BLOCKS = YES;
				GCC_WARN_64_TO_32_BIT_CONVERSION = YES;
				GCC_WARN_ABOUT_RETURN_TYPE = YES_ERROR;
				GCC_WARN_UNDECLARED_SELECTOR = YES;
				GCC_WARN_UNINITIALIZED_AUTOS = YES_AGGRESSIVE;
				GCC_WARN_UNUSED_FUNCTION = YES;
				GCC_WARN_UNUSED_VARIABLE = YES;
				IPHONEOS_DEPLOYMENT_TARGET = 12.1;
				MTL_ENABLE_DEBUG_INFO = NO;
				MTL_FAST_MATH = YES;
				SDKROOT = iphoneos;
				SWIFT_COMPILATION_MODE = wholemodule;
				SWIFT_OPTIMIZATION_LEVEL = "-O";
				VALIDATE_PRODUCT = YES;
			};
			name = Release;
		};
		C02D71F321B040ED002E0091 /* Debug */ = {
			isa = XCBuildConfiguration;
			buildSettings = {
				ASSETCATALOG_COMPILER_APPICON_NAME = AppIcon;
				CODE_SIGN_STYLE = Automatic;
				DEVELOPMENT_TEAM = 2BULHRS882;
				INFOPLIST_FILE = ToDoList/Info.plist;
				LD_RUNPATH_SEARCH_PATHS = (
					"$(inherited)",
					"@executable_path/Frameworks",
				);
				PRODUCT_BUNDLE_IDENTIFIER = ca.centennialcollege.ToDoList;
				PRODUCT_NAME = "$(TARGET_NAME)";
				SWIFT_VERSION = 4.2;
				TARGETED_DEVICE_FAMILY = "1,2";
			};
			name = Debug;
		};
		C02D71F421B040ED002E0091 /* Release */ = {
			isa = XCBuildConfiguration;
			buildSettings = {
				ASSETCATALOG_COMPILER_APPICON_NAME = AppIcon;
				CODE_SIGN_STYLE = Automatic;
				DEVELOPMENT_TEAM = 2BULHRS882;
				INFOPLIST_FILE = ToDoList/Info.plist;
				LD_RUNPATH_SEARCH_PATHS = (
					"$(inherited)",
					"@executable_path/Frameworks",
				);
				PRODUCT_BUNDLE_IDENTIFIER = ca.centennialcollege.ToDoList;
				PRODUCT_NAME = "$(TARGET_NAME)";
				SWIFT_VERSION = 4.2;
				TARGETED_DEVICE_FAMILY = "1,2";
			};
			name = Release;
		};
/* End XCBuildConfiguration section */

/* Begin XCConfigurationList section */
		C02D71DB21B040EC002E0091 /* Build configuration list for PBXProject "ToDoList" */ = {
			isa = XCConfigurationList;
			buildConfigurations = (
				C02D71F021B040ED002E0091 /* Debug */,
				C02D71F121B040ED002E0091 /* Release */,
			);
			defaultConfigurationIsVisible = 0;
			defaultConfigurationName = Release;
		};
		C02D71F221B040ED002E0091 /* Build configuration list for PBXNativeTarget "ToDoList" */ = {
			isa = XCConfigurationList;
			buildConfigurations = (
				C02D71F321B040ED002E0091 /* Debug */,
				C02D71F421B040ED002E0091 /* Release */,
			);
			defaultConfigurationIsVisible = 0;
			defaultConfigurationName = Release;
		};
/* End XCConfigurationList section */
	};
	rootObject = C02D71D821B040EC002E0091 /* Project object */;
}
